
Microsoft Visual Studio Solution File, Format Version 12.00
# Visual Studio 2017
Project("{FAE04EC0-301F-11D3-BF4B-00C04F79EFBC}") = "SwordMaker.Plugins", "SwordMaker.Plugins.csproj", "{102CAEF2-F3F2-8BE2-1605-8E992FF3C995}"
EndProject
Project("{FAE04EC0-301F-11D3-BF4B-00C04F79EFBC}") = "SwordMaker", "SwordMaker.csproj", "{77C88569-B03F-AAAB-6523-1C48A0B62909}"
EndProject
Project("{FAE04EC0-301F-11D3-BF4B-00C04F79EFBC}") = "SwordMaker.Editor", "SwordMaker.Editor.csproj", "{7D84DD1D-B841-5C32-58D0-6775F069146E}"
EndProject
Global
	GlobalSection(SolutionConfigurationPlatforms) = preSolution
		Debug|Any CPU = Debug|Any CPU
		Release|Any CPU = Release|Any CPU
	EndGlobalSection
	GlobalSection(ProjectConfigurationPlatforms) = postSolution
		{102CAEF2-F3F2-8BE2-1605-8E992FF3C995}.Debug|Any CPU.ActiveCfg = Debug|Any CPU
		{102CAEF2-F3F2-8BE2-1605-8E992FF3C995}.Debug|Any CPU.Build.0 = Debug|Any CPU
		{102CAEF2-F3F2-8BE2-1605-8E992FF3C995}.Release|Any CPU.ActiveCfg = Release|Any CPU
		{102CAEF2-F3F2-8BE2-1605-8E992FF3C995}.Release|Any CPU.Build.0 = Release|Any CPU
		{77C88569-B03F-AAAB-6523-1C48A0B62909}.Debug|Any CPU.ActiveCfg = Debug|Any CPU
		{77C88569-B03F-AAAB-6523-1C48A0B62909}.Debug|Any CPU.Build.0 = Debug|Any CPU
		{77C88569-B03F-AAAB-6523-1C48A0B62909}.Release|Any CPU.ActiveCfg = Release|Any CPU
		{77C88569-B03F-AAAB-6523-1C48A0B62909}.Release|Any CPU.Build.0 = Release|Any CPU
		{7D84DD1D-B841-5C32-58D0-6775F069146E}.Debug|Any CPU.ActiveCfg = Debug|Any CPU
		{7D84DD1D-B841-5C32-58D0-6775F069146E}.Debug|Any CPU.Build.0 = Debug|Any CPU
		{7D84DD1D-B841-5C32-58D0-6775F069146E}.Release|Any CPU.ActiveCfg = Release|Any CPU
		{7D84DD1D-B841-5C32-58D0-6775F069146E}.Release|Any CPU.Build.0 = Release|Any CPU
	EndGlobalSection
	GlobalSection(SolutionProperties) = preSolution
		HideSolutionNode = FALSE
	EndGlobalSection
EndGlobal
