
Microsoft Visual Studio Solution File, Format Version 12.00
# Visual Studio 2015
Project("{FAE04EC0-301F-11D3-BF4B-00C04F79EFBC}") = "TapSmith_0313.CSharp.Plugins", "TapSmith_0313.CSharp.Plugins.csproj", "{4C0A85A8-6D7E-D2CD-7536-51821758EBC8}"
EndProject
Project("{FAE04EC0-301F-11D3-BF4B-00C04F79EFBC}") = "TapSmith_0313.CSharp", "TapSmith_0313.CSharp.csproj", "{92253ECD-D7D8-AC0F-A333-666A792F65CD}"
EndProject
Project("{FAE04EC0-301F-11D3-BF4B-00C04F79EFBC}") = "TapSmith_0313.CSharp.Editor", "TapSmith_0313.CSharp.Editor.csproj", "{95778DAA-379B-F3A6-E675-57C182936204}"
EndProject
Global
	GlobalSection(SolutionConfigurationPlatforms) = preSolution
		Debug|Any CPU = Debug|Any CPU
		Release|Any CPU = Release|Any CPU
	EndGlobalSection
	GlobalSection(ProjectConfigurationPlatforms) = postSolution
		{4C0A85A8-6D7E-D2CD-7536-51821758EBC8}.Debug|Any CPU.ActiveCfg = Debug|Any CPU
		{4C0A85A8-6D7E-D2CD-7536-51821758EBC8}.Debug|Any CPU.Build.0 = Debug|Any CPU
		{4C0A85A8-6D7E-D2CD-7536-51821758EBC8}.Release|Any CPU.ActiveCfg = Release|Any CPU
		{4C0A85A8-6D7E-D2CD-7536-51821758EBC8}.Release|Any CPU.Build.0 = Release|Any CPU
		{92253ECD-D7D8-AC0F-A333-666A792F65CD}.Debug|Any CPU.ActiveCfg = Debug|Any CPU
		{92253ECD-D7D8-AC0F-A333-666A792F65CD}.Debug|Any CPU.Build.0 = Debug|Any CPU
		{92253ECD-D7D8-AC0F-A333-666A792F65CD}.Release|Any CPU.ActiveCfg = Release|Any CPU
		{92253ECD-D7D8-AC0F-A333-666A792F65CD}.Release|Any CPU.Build.0 = Release|Any CPU
		{95778DAA-379B-F3A6-E675-57C182936204}.Debug|Any CPU.ActiveCfg = Debug|Any CPU
		{95778DAA-379B-F3A6-E675-57C182936204}.Debug|Any CPU.Build.0 = Debug|Any CPU
		{95778DAA-379B-F3A6-E675-57C182936204}.Release|Any CPU.ActiveCfg = Release|Any CPU
		{95778DAA-379B-F3A6-E675-57C182936204}.Release|Any CPU.Build.0 = Release|Any CPU
	EndGlobalSection
	GlobalSection(SolutionProperties) = preSolution
		HideSolutionNode = FALSE
	EndGlobalSection
EndGlobal
