
Microsoft Visual Studio Solution File, Format Version 11.0
# Visual Studio 2010
Project("{FAE04EC0-301F-11D3-BF4B-00C04F79EFBC}") = "TapSmith_0307.CSharp.Plugins", "TapSmith_0307.CSharp.Plugins.csproj", "{EE5D987F-BF80-164E-4D5D-C5E7801C882F}"
EndProject
Project("{FAE04EC0-301F-11D3-BF4B-00C04F79EFBC}") = "TapSmith_0307.CSharp", "TapSmith_0307.CSharp.csproj", "{FCC0CDE6-1127-DD60-F67A-00A1E4B24F4D}"
EndProject
Project("{FAE04EC0-301F-11D3-BF4B-00C04F79EFBC}") = "TapSmith_0307.CSharp.Editor", "TapSmith_0307.CSharp.Editor.csproj", "{543F77F2-53B3-0CAB-0877-344F7CF5D1B0}"
EndProject
Global
	GlobalSection(SolutionConfigurationPlatforms) = preSolution
		Debug|Any CPU = Debug|Any CPU
		Release|Any CPU = Release|Any CPU
	EndGlobalSection
	GlobalSection(ProjectConfigurationPlatforms) = postSolution
		{EE5D987F-BF80-164E-4D5D-C5E7801C882F}.Debug|Any CPU.ActiveCfg = Debug|Any CPU
		{EE5D987F-BF80-164E-4D5D-C5E7801C882F}.Debug|Any CPU.Build.0 = Debug|Any CPU
		{EE5D987F-BF80-164E-4D5D-C5E7801C882F}.Release|Any CPU.ActiveCfg = Release|Any CPU
		{EE5D987F-BF80-164E-4D5D-C5E7801C882F}.Release|Any CPU.Build.0 = Release|Any CPU
		{FCC0CDE6-1127-DD60-F67A-00A1E4B24F4D}.Debug|Any CPU.ActiveCfg = Debug|Any CPU
		{FCC0CDE6-1127-DD60-F67A-00A1E4B24F4D}.Debug|Any CPU.Build.0 = Debug|Any CPU
		{FCC0CDE6-1127-DD60-F67A-00A1E4B24F4D}.Release|Any CPU.ActiveCfg = Release|Any CPU
		{FCC0CDE6-1127-DD60-F67A-00A1E4B24F4D}.Release|Any CPU.Build.0 = Release|Any CPU
		{543F77F2-53B3-0CAB-0877-344F7CF5D1B0}.Debug|Any CPU.ActiveCfg = Debug|Any CPU
		{543F77F2-53B3-0CAB-0877-344F7CF5D1B0}.Debug|Any CPU.Build.0 = Debug|Any CPU
		{543F77F2-53B3-0CAB-0877-344F7CF5D1B0}.Release|Any CPU.ActiveCfg = Release|Any CPU
		{543F77F2-53B3-0CAB-0877-344F7CF5D1B0}.Release|Any CPU.Build.0 = Release|Any CPU
	EndGlobalSection
	GlobalSection(SolutionProperties) = preSolution
		HideSolutionNode = FALSE
	EndGlobalSection
EndGlobal
