
Microsoft Visual Studio Solution File, Format Version 12.00
# Visual Studio 2015
Project("{FAE04EC0-301F-11D3-BF4B-00C04F79EFBC}") = "TapSmith.Plugins", "TapSmith.Plugins.csproj", "{7FD90872-AE3D-4B65-8964-673A5C291307}"
EndProject
Project("{FAE04EC0-301F-11D3-BF4B-00C04F79EFBC}") = "TapSmith", "TapSmith.csproj", "{056DFDB8-3FE9-94B7-8458-9F8F81E4F42F}"
EndProject
Project("{FAE04EC0-301F-11D3-BF4B-00C04F79EFBC}") = "TapSmith.Editor", "TapSmith.Editor.csproj", "{787A107D-6D50-127E-3B00-799E316D4496}"
EndProject
Global
	GlobalSection(SolutionConfigurationPlatforms) = preSolution
		Debug|Any CPU = Debug|Any CPU
		Release|Any CPU = Release|Any CPU
	EndGlobalSection
	GlobalSection(ProjectConfigurationPlatforms) = postSolution
		{7FD90872-AE3D-4B65-8964-673A5C291307}.Debug|Any CPU.ActiveCfg = Debug|Any CPU
		{7FD90872-AE3D-4B65-8964-673A5C291307}.Debug|Any CPU.Build.0 = Debug|Any CPU
		{7FD90872-AE3D-4B65-8964-673A5C291307}.Release|Any CPU.ActiveCfg = Release|Any CPU
		{7FD90872-AE3D-4B65-8964-673A5C291307}.Release|Any CPU.Build.0 = Release|Any CPU
		{056DFDB8-3FE9-94B7-8458-9F8F81E4F42F}.Debug|Any CPU.ActiveCfg = Debug|Any CPU
		{056DFDB8-3FE9-94B7-8458-9F8F81E4F42F}.Debug|Any CPU.Build.0 = Debug|Any CPU
		{056DFDB8-3FE9-94B7-8458-9F8F81E4F42F}.Release|Any CPU.ActiveCfg = Release|Any CPU
		{056DFDB8-3FE9-94B7-8458-9F8F81E4F42F}.Release|Any CPU.Build.0 = Release|Any CPU
		{787A107D-6D50-127E-3B00-799E316D4496}.Debug|Any CPU.ActiveCfg = Debug|Any CPU
		{787A107D-6D50-127E-3B00-799E316D4496}.Debug|Any CPU.Build.0 = Debug|Any CPU
		{787A107D-6D50-127E-3B00-799E316D4496}.Release|Any CPU.ActiveCfg = Release|Any CPU
		{787A107D-6D50-127E-3B00-799E316D4496}.Release|Any CPU.Build.0 = Release|Any CPU
	EndGlobalSection
	GlobalSection(SolutionProperties) = preSolution
		HideSolutionNode = FALSE
	EndGlobalSection
EndGlobal
