
Microsoft Visual Studio Solution File, Format Version 11.0
# Visual Studio 2010
Project("{FAE04EC0-301F-11D3-BF4B-00C04F79EFBC}") = "TapSmith_0304_2.CSharp.Plugins", "TapSmith_0304_2.CSharp.Plugins.csproj", "{CD6BA265-B2CA-0DA1-D49D-B5CAF0826927}"
EndProject
Project("{FAE04EC0-301F-11D3-BF4B-00C04F79EFBC}") = "TapSmith_0304_2.CSharp", "TapSmith_0304_2.CSharp.csproj", "{B52D81F5-A878-6427-5296-91098AD323A7}"
EndProject
Project("{FAE04EC0-301F-11D3-BF4B-00C04F79EFBC}") = "TapSmith_0304_2.CSharp.Editor", "TapSmith_0304_2.CSharp.Editor.csproj", "{C10415AB-D741-49F5-CC09-C4E4FC7C2F34}"
EndProject
Global
	GlobalSection(SolutionConfigurationPlatforms) = preSolution
		Debug|Any CPU = Debug|Any CPU
		Release|Any CPU = Release|Any CPU
	EndGlobalSection
	GlobalSection(ProjectConfigurationPlatforms) = postSolution
		{CD6BA265-B2CA-0DA1-D49D-B5CAF0826927}.Debug|Any CPU.ActiveCfg = Debug|Any CPU
		{CD6BA265-B2CA-0DA1-D49D-B5CAF0826927}.Debug|Any CPU.Build.0 = Debug|Any CPU
		{CD6BA265-B2CA-0DA1-D49D-B5CAF0826927}.Release|Any CPU.ActiveCfg = Release|Any CPU
		{CD6BA265-B2CA-0DA1-D49D-B5CAF0826927}.Release|Any CPU.Build.0 = Release|Any CPU
		{B52D81F5-A878-6427-5296-91098AD323A7}.Debug|Any CPU.ActiveCfg = Debug|Any CPU
		{B52D81F5-A878-6427-5296-91098AD323A7}.Debug|Any CPU.Build.0 = Debug|Any CPU
		{B52D81F5-A878-6427-5296-91098AD323A7}.Release|Any CPU.ActiveCfg = Release|Any CPU
		{B52D81F5-A878-6427-5296-91098AD323A7}.Release|Any CPU.Build.0 = Release|Any CPU
		{C10415AB-D741-49F5-CC09-C4E4FC7C2F34}.Debug|Any CPU.ActiveCfg = Debug|Any CPU
		{C10415AB-D741-49F5-CC09-C4E4FC7C2F34}.Debug|Any CPU.Build.0 = Debug|Any CPU
		{C10415AB-D741-49F5-CC09-C4E4FC7C2F34}.Release|Any CPU.ActiveCfg = Release|Any CPU
		{C10415AB-D741-49F5-CC09-C4E4FC7C2F34}.Release|Any CPU.Build.0 = Release|Any CPU
	EndGlobalSection
	GlobalSection(SolutionProperties) = preSolution
		HideSolutionNode = FALSE
	EndGlobalSection
EndGlobal
